
Microsoft Visual Studio Solution File, Format Version 12.00
# Visual Studio 2013
VisualStudioVersion = 12.0.30723.0
MinimumVisualStudioVersion = 10.0.40219.1
Project("{FAE04EC0-301F-11D3-BF4B-00C04F79EFBC}") = "ITI.CIL_Cowding.Form", "ITI.CIL_Cowding.Form\ITI.CIL_Cowding.Form.csproj", "{0184C4E9-12B7-4D1F-ABBF-2814A47E7346}"
EndProject
Project("{FAE04EC0-301F-11D3-BF4B-00C04F79EFBC}") = "ITI.CIL_Cowding", "ITI.CIL_Cowding\ITI.CIL_Cowding.csproj", "{2344C694-AD7A-4FD4-9AE1-F7AB806B9819}"
EndProject
Project("{FAE04EC0-301F-11D3-BF4B-00C04F79EFBC}") = "ITI.CIL_Cowding.Tests", "ITI.CIL_Cowding.Tests\ITI.CIL_Cowding.Tests\ITI.CIL_Cowding.Tests.csproj", "{244B95AA-1ED9-4DA1-A39E-AEE0C883507A}"
EndProject
Project("{2150E333-8FDC-42A3-9474-1A3956D46DE8}") = ".nuget", ".nuget", "{8A2D3715-FF37-44E9-AFFA-91A8620540AB}"
	ProjectSection(SolutionItems) = preProject
		.nuget\packages.config = .nuget\packages.config
	EndProjectSection
EndProject
Global
	GlobalSection(SolutionConfigurationPlatforms) = preSolution
		Debug|Any CPU = Debug|Any CPU
		Release|Any CPU = Release|Any CPU
	EndGlobalSection
	GlobalSection(ProjectConfigurationPlatforms) = postSolution
		{0184C4E9-12B7-4D1F-ABBF-2814A47E7346}.Debug|Any CPU.ActiveCfg = Debug|Any CPU
		{0184C4E9-12B7-4D1F-ABBF-2814A47E7346}.Debug|Any CPU.Build.0 = Debug|Any CPU
		{0184C4E9-12B7-4D1F-ABBF-2814A47E7346}.Release|Any CPU.ActiveCfg = Release|Any CPU
		{0184C4E9-12B7-4D1F-ABBF-2814A47E7346}.Release|Any CPU.Build.0 = Release|Any CPU
		{2344C694-AD7A-4FD4-9AE1-F7AB806B9819}.Debug|Any CPU.ActiveCfg = Debug|Any CPU
		{2344C694-AD7A-4FD4-9AE1-F7AB806B9819}.Debug|Any CPU.Build.0 = Debug|Any CPU
		{2344C694-AD7A-4FD4-9AE1-F7AB806B9819}.Release|Any CPU.ActiveCfg = Release|Any CPU
		{2344C694-AD7A-4FD4-9AE1-F7AB806B9819}.Release|Any CPU.Build.0 = Release|Any CPU
		{244B95AA-1ED9-4DA1-A39E-AEE0C883507A}.Debug|Any CPU.ActiveCfg = Debug|Any CPU
		{244B95AA-1ED9-4DA1-A39E-AEE0C883507A}.Debug|Any CPU.Build.0 = Debug|Any CPU
		{244B95AA-1ED9-4DA1-A39E-AEE0C883507A}.Release|Any CPU.ActiveCfg = Release|Any CPU
		{244B95AA-1ED9-4DA1-A39E-AEE0C883507A}.Release|Any CPU.Build.0 = Release|Any CPU
	EndGlobalSection
	GlobalSection(SolutionProperties) = preSolution
		HideSolutionNode = FALSE
	EndGlobalSection
EndGlobal
